
Microsoft Visual Studio Solution File, Format Version 12.00
# Visual Studio Version 16
VisualStudioVersion = 16.0.30204.135
MinimumVisualStudioVersion = 10.0.40219.1
Project("{8BC9CEB8-8B4A-11D0-8D11-00A0C91BC942}") = "pkodev.mod.namelevel", "pkodev.mod.namelevel.vcxproj", "{6D46A7DC-615B-4E74-AA65-BF2B7B8ABA2A}"
EndProject
Global
	GlobalSection(SolutionConfigurationPlatforms) = preSolution
		Game.exe 1.3x_0 Debug|x86 = Game.exe 1.3x_0 Debug|x86
		Game.exe 1.3x_0 Release|x86 = Game.exe 1.3x_0 Release|x86
		Game.exe 1.3x_1 Debug|x86 = Game.exe 1.3x_1 Debug|x86
		Game.exe 1.3x_1 Release|x86 = Game.exe 1.3x_1 Release|x86
		Game.exe 1.3x_2 Debug|x86 = Game.exe 1.3x_2 Debug|x86
		Game.exe 1.3x_2 Release|x86 = Game.exe 1.3x_2 Release|x86
		Game.exe 1.3x_3 Debug|x86 = Game.exe 1.3x_3 Debug|x86
		Game.exe 1.3x_3 Release|x86 = Game.exe 1.3x_3 Release|x86
		Game.exe 1.3x_4 Debug|x86 = Game.exe 1.3x_4 Debug|x86
		Game.exe 1.3x_4 Release|x86 = Game.exe 1.3x_4 Release|x86
		Game.exe 1.3x_5 Debug|x86 = Game.exe 1.3x_5 Debug|x86
		Game.exe 1.3x_5 Release|x86 = Game.exe 1.3x_5 Release|x86
	EndGlobalSection
	GlobalSection(ProjectConfigurationPlatforms) = postSolution
		{6D46A7DC-615B-4E74-AA65-BF2B7B8ABA2A}.Game.exe 1.3x_0 Debug|x86.ActiveCfg = Game.exe 1.3x_0 Debug|Win32
		{6D46A7DC-615B-4E74-AA65-BF2B7B8ABA2A}.Game.exe 1.3x_0 Debug|x86.Build.0 = Game.exe 1.3x_0 Debug|Win32
		{6D46A7DC-615B-4E74-AA65-BF2B7B8ABA2A}.Game.exe 1.3x_0 Release|x86.ActiveCfg = Game.exe 1.3x_0 Release|Win32
		{6D46A7DC-615B-4E74-AA65-BF2B7B8ABA2A}.Game.exe 1.3x_0 Release|x86.Build.0 = Game.exe 1.3x_0 Release|Win32
		{6D46A7DC-615B-4E74-AA65-BF2B7B8ABA2A}.Game.exe 1.3x_1 Debug|x86.ActiveCfg = Game.exe 1.3x_1 Debug|Win32
		{6D46A7DC-615B-4E74-AA65-BF2B7B8ABA2A}.Game.exe 1.3x_1 Debug|x86.Build.0 = Game.exe 1.3x_1 Debug|Win32
		{6D46A7DC-615B-4E74-AA65-BF2B7B8ABA2A}.Game.exe 1.3x_1 Release|x86.ActiveCfg = Game.exe 1.3x_1 Release|Win32
		{6D46A7DC-615B-4E74-AA65-BF2B7B8ABA2A}.Game.exe 1.3x_1 Release|x86.Build.0 = Game.exe 1.3x_1 Release|Win32
		{6D46A7DC-615B-4E74-AA65-BF2B7B8ABA2A}.Game.exe 1.3x_2 Debug|x86.ActiveCfg = Game.exe 1.3x_2 Debug|Win32
		{6D46A7DC-615B-4E74-AA65-BF2B7B8ABA2A}.Game.exe 1.3x_2 Debug|x86.Build.0 = Game.exe 1.3x_2 Debug|Win32
		{6D46A7DC-615B-4E74-AA65-BF2B7B8ABA2A}.Game.exe 1.3x_2 Release|x86.ActiveCfg = Game.exe 1.3x_2 Release|Win32
		{6D46A7DC-615B-4E74-AA65-BF2B7B8ABA2A}.Game.exe 1.3x_2 Release|x86.Build.0 = Game.exe 1.3x_2 Release|Win32
		{6D46A7DC-615B-4E74-AA65-BF2B7B8ABA2A}.Game.exe 1.3x_3 Debug|x86.ActiveCfg = Game.exe 1.3x_3 Debug|Win32
		{6D46A7DC-615B-4E74-AA65-BF2B7B8ABA2A}.Game.exe 1.3x_3 Debug|x86.Build.0 = Game.exe 1.3x_3 Debug|Win32
		{6D46A7DC-615B-4E74-AA65-BF2B7B8ABA2A}.Game.exe 1.3x_3 Release|x86.ActiveCfg = Game.exe 1.3x_3 Release|Win32
		{6D46A7DC-615B-4E74-AA65-BF2B7B8ABA2A}.Game.exe 1.3x_3 Release|x86.Build.0 = Game.exe 1.3x_3 Release|Win32
		{6D46A7DC-615B-4E74-AA65-BF2B7B8ABA2A}.Game.exe 1.3x_4 Debug|x86.ActiveCfg = Game.exe 1.3x_4 Debug|Win32
		{6D46A7DC-615B-4E74-AA65-BF2B7B8ABA2A}.Game.exe 1.3x_4 Debug|x86.Build.0 = Game.exe 1.3x_4 Debug|Win32
		{6D46A7DC-615B-4E74-AA65-BF2B7B8ABA2A}.Game.exe 1.3x_4 Release|x86.ActiveCfg = Game.exe 1.3x_4 Release|Win32
		{6D46A7DC-615B-4E74-AA65-BF2B7B8ABA2A}.Game.exe 1.3x_4 Release|x86.Build.0 = Game.exe 1.3x_4 Release|Win32
		{6D46A7DC-615B-4E74-AA65-BF2B7B8ABA2A}.Game.exe 1.3x_5 Debug|x86.ActiveCfg = Game.exe 1.3x_5 Debug|Win32
		{6D46A7DC-615B-4E74-AA65-BF2B7B8ABA2A}.Game.exe 1.3x_5 Debug|x86.Build.0 = Game.exe 1.3x_5 Debug|Win32
		{6D46A7DC-615B-4E74-AA65-BF2B7B8ABA2A}.Game.exe 1.3x_5 Release|x86.ActiveCfg = Game.exe 1.3x_5 Release|Win32
		{6D46A7DC-615B-4E74-AA65-BF2B7B8ABA2A}.Game.exe 1.3x_5 Release|x86.Build.0 = Game.exe 1.3x_5 Release|Win32
	EndGlobalSection
	GlobalSection(SolutionProperties) = preSolution
		HideSolutionNode = FALSE
	EndGlobalSection
	GlobalSection(ExtensibilityGlobals) = postSolution
		SolutionGuid = {B548E587-BC5E-49C9-BCCF-899F2378DE87}
	EndGlobalSection
EndGlobal
